
Microsoft Visual Studio Solution File, Format Version 12.00
# Visual Studio Version 16
VisualStudioVersion = 16.0.32413.511
MinimumVisualStudioVersion = 10.0.40219.1
Project("{FAE04EC0-301F-11D3-BF4B-00C04F79EFBC}") = "PepitoSchool", "PepitoSchool\PepitoSchool.csproj", "{3645957A-B29D-458E-A326-91BDB0060292}"
EndProject
Global
	GlobalSection(SolutionConfigurationPlatforms) = preSolution
		Debug|Any CPU = Debug|Any CPU
		Release|Any CPU = Release|Any CPU
	EndGlobalSection
	GlobalSection(ProjectConfigurationPlatforms) = postSolution
		{3645957A-B29D-458E-A326-91BDB0060292}.Debug|Any CPU.ActiveCfg = Debug|Any CPU
		{3645957A-B29D-458E-A326-91BDB0060292}.Debug|Any CPU.Build.0 = Debug|Any CPU
		{3645957A-B29D-458E-A326-91BDB0060292}.Release|Any CPU.ActiveCfg = Release|Any CPU
		{3645957A-B29D-458E-A326-91BDB0060292}.Release|Any CPU.Build.0 = Release|Any CPU
	EndGlobalSection
	GlobalSection(SolutionProperties) = preSolution
		HideSolutionNode = FALSE
	EndGlobalSection
	GlobalSection(ExtensibilityGlobals) = postSolution
		SolutionGuid = {8FB1ECA5-EABC-4657-B343-07BE4EFF96AF}
	EndGlobalSection
EndGlobal
